
Microsoft Visual Studio Solution File, Format Version 12.00
# Visual Studio Version 17
VisualStudioVersion = 17.2.32630.192
MinimumVisualStudioVersion = 10.0.40219.1
Project("{9A19103F-16F7-4668-BE54-9A1E7A4F7556}") = "qubgrademe-percentneededforfirst", "qubgrademe-percentneededforfirst.csproj", "{981B6DF3-5E9F-46BE-86E6-C1EE411051C6}"
EndProject
Project("{FAE04EC0-301F-11D3-BF4B-00C04F79EFBC}") = "qubgrademe-percentneededforfirst.test", "..\qubgrademe-percentneededforfirst.test\qubgrademe-percentneededforfirst.test.csproj", "{B982397B-5CC6-4186-8FA0-8C623BB0EE3F}"
	ProjectSection(ProjectDependencies) = postProject
		{981B6DF3-5E9F-46BE-86E6-C1EE411051C6} = {981B6DF3-5E9F-46BE-86E6-C1EE411051C6}
	EndProjectSection
EndProject
Global
	GlobalSection(SolutionConfigurationPlatforms) = preSolution
		Debug|Any CPU = Debug|Any CPU
		Release|Any CPU = Release|Any CPU
	EndGlobalSection
	GlobalSection(ProjectConfigurationPlatforms) = postSolution
		{981B6DF3-5E9F-46BE-86E6-C1EE411051C6}.Debug|Any CPU.ActiveCfg = Debug|Any CPU
		{981B6DF3-5E9F-46BE-86E6-C1EE411051C6}.Debug|Any CPU.Build.0 = Debug|Any CPU
		{981B6DF3-5E9F-46BE-86E6-C1EE411051C6}.Release|Any CPU.ActiveCfg = Release|Any CPU
		{981B6DF3-5E9F-46BE-86E6-C1EE411051C6}.Release|Any CPU.Build.0 = Release|Any CPU
		{B982397B-5CC6-4186-8FA0-8C623BB0EE3F}.Debug|Any CPU.ActiveCfg = Debug|Any CPU
		{B982397B-5CC6-4186-8FA0-8C623BB0EE3F}.Debug|Any CPU.Build.0 = Debug|Any CPU
		{B982397B-5CC6-4186-8FA0-8C623BB0EE3F}.Release|Any CPU.ActiveCfg = Release|Any CPU
		{B982397B-5CC6-4186-8FA0-8C623BB0EE3F}.Release|Any CPU.Build.0 = Release|Any CPU
	EndGlobalSection
	GlobalSection(SolutionProperties) = preSolution
		HideSolutionNode = FALSE
	EndGlobalSection
	GlobalSection(ExtensibilityGlobals) = postSolution
		SolutionGuid = {F45DAD17-41FB-4BE9-A5CD-62196202D4C6}
	EndGlobalSection
EndGlobal
