
Microsoft Visual Studio Solution File, Format Version 12.00
# Visual Studio Version 17
VisualStudioVersion = 17.2.32630.192
MinimumVisualStudioVersion = 10.0.40219.1
Project("{FAE04EC0-301F-11D3-BF4B-00C04F79EFBC}") = "qubgrademe-savetodatabase", "qubgrademe-savetodatabase.csproj", "{461F75A4-21B7-4B39-802D-6CC167D8FFA2}"
EndProject
Global
	GlobalSection(SolutionConfigurationPlatforms) = preSolution
		Debug|Any CPU = Debug|Any CPU
		Release|Any CPU = Release|Any CPU
	EndGlobalSection
	GlobalSection(ProjectConfigurationPlatforms) = postSolution
		{461F75A4-21B7-4B39-802D-6CC167D8FFA2}.Debug|Any CPU.ActiveCfg = Debug|Any CPU
		{461F75A4-21B7-4B39-802D-6CC167D8FFA2}.Debug|Any CPU.Build.0 = Debug|Any CPU
		{461F75A4-21B7-4B39-802D-6CC167D8FFA2}.Release|Any CPU.ActiveCfg = Release|Any CPU
		{461F75A4-21B7-4B39-802D-6CC167D8FFA2}.Release|Any CPU.Build.0 = Release|Any CPU
	EndGlobalSection
	GlobalSection(SolutionProperties) = preSolution
		HideSolutionNode = FALSE
	EndGlobalSection
	GlobalSection(ExtensibilityGlobals) = postSolution
		SolutionGuid = {B6FB17C0-4704-4C5C-A730-E52A28C33C2A}
	EndGlobalSection
EndGlobal
